
Microsoft Visual Studio Solution File, Format Version 12.00
# Visual Studio 14
VisualStudioVersion = 14.0.25123.0
MinimumVisualStudioVersion = 10.0.40219.1
Project("{FAE04EC0-301F-11D3-BF4B-00C04F79EFBC}") = "Hach.Fusion.FFCO.Api", "Hach.Fusion.FFCO.Api\Hach.Fusion.FFCO.Api.csproj", "{C5A8C859-1DB6-4AA3-8F12-E05C7079C2C1}"
EndProject
Project("{FAE04EC0-301F-11D3-BF4B-00C04F79EFBC}") = "Hach.Fusion.FFCO.Api.Tests", "Hach.Fusion.FFCO.Api.Tests\Hach.Fusion.FFCO.Api.Tests.csproj", "{45D4820F-7884-476A-88A8-7131C0926992}"
EndProject
Project("{FAE04EC0-301F-11D3-BF4B-00C04F79EFBC}") = "Hach.Fusion.FFCO.Business", "Hach.Fusion.FFCO.Business\Hach.Fusion.FFCO.Business.csproj", "{4F3DD40A-7863-4783-A1A9-F31B3B838773}"
EndProject
Project("{FAE04EC0-301F-11D3-BF4B-00C04F79EFBC}") = "Hach.Fusion.FFCO.Dtos", "Hach.Fusion.FFCO.Dtos\Hach.Fusion.FFCO.Dtos.csproj", "{1B4C2BCF-8941-42BC-8018-4ECE045F616A}"
EndProject
Global
	GlobalSection(SolutionConfigurationPlatforms) = preSolution
		Debug|Any CPU = Debug|Any CPU
		Release|Any CPU = Release|Any CPU
	EndGlobalSection
	GlobalSection(ProjectConfigurationPlatforms) = postSolution
		{C5A8C859-1DB6-4AA3-8F12-E05C7079C2C1}.Debug|Any CPU.ActiveCfg = Debug|Any CPU
		{C5A8C859-1DB6-4AA3-8F12-E05C7079C2C1}.Debug|Any CPU.Build.0 = Debug|Any CPU
		{C5A8C859-1DB6-4AA3-8F12-E05C7079C2C1}.Release|Any CPU.ActiveCfg = Release|Any CPU
		{C5A8C859-1DB6-4AA3-8F12-E05C7079C2C1}.Release|Any CPU.Build.0 = Release|Any CPU
		{45D4820F-7884-476A-88A8-7131C0926992}.Debug|Any CPU.ActiveCfg = Debug|Any CPU
		{45D4820F-7884-476A-88A8-7131C0926992}.Debug|Any CPU.Build.0 = Debug|Any CPU
		{45D4820F-7884-476A-88A8-7131C0926992}.Release|Any CPU.ActiveCfg = Release|Any CPU
		{45D4820F-7884-476A-88A8-7131C0926992}.Release|Any CPU.Build.0 = Release|Any CPU
		{4F3DD40A-7863-4783-A1A9-F31B3B838773}.Debug|Any CPU.ActiveCfg = Debug|Any CPU
		{4F3DD40A-7863-4783-A1A9-F31B3B838773}.Debug|Any CPU.Build.0 = Debug|Any CPU
		{4F3DD40A-7863-4783-A1A9-F31B3B838773}.Release|Any CPU.ActiveCfg = Release|Any CPU
		{4F3DD40A-7863-4783-A1A9-F31B3B838773}.Release|Any CPU.Build.0 = Release|Any CPU
		{1B4C2BCF-8941-42BC-8018-4ECE045F616A}.Debug|Any CPU.ActiveCfg = Debug|Any CPU
		{1B4C2BCF-8941-42BC-8018-4ECE045F616A}.Debug|Any CPU.Build.0 = Debug|Any CPU
		{1B4C2BCF-8941-42BC-8018-4ECE045F616A}.Release|Any CPU.ActiveCfg = Release|Any CPU
		{1B4C2BCF-8941-42BC-8018-4ECE045F616A}.Release|Any CPU.Build.0 = Release|Any CPU
	EndGlobalSection
	GlobalSection(SolutionProperties) = preSolution
		HideSolutionNode = FALSE
	EndGlobalSection
EndGlobal
